
Microsoft Visual Studio Solution File, Format Version 12.00
# Visual Studio Version 17
VisualStudioVersion = 17.1.32210.238
MinimumVisualStudioVersion = 10.0.40219.1
Project("{FAE04EC0-301F-11D3-BF4B-00C04F79EFBC}") = "Domain", "TuristickaAgencijaIteh\Domain.csproj", "{14FA7826-EE6C-4325-A1B9-CB582A435322}"
EndProject
Project("{FAE04EC0-301F-11D3-BF4B-00C04F79EFBC}") = "DataAccessLayer", "DataAccessLayer\DataAccessLayer.csproj", "{5BF536DB-42CB-4B80-B72E-B96CC136D787}"
EndProject
Project("{FAE04EC0-301F-11D3-BF4B-00C04F79EFBC}") = "TuristickaAgencijaAPI", "TuristickaAgencijaAPI\TuristickaAgencijaAPI.csproj", "{73AC19A2-D8EB-4694-8BB9-A2EF815C1D9F}"
EndProject
Global
	GlobalSection(SolutionConfigurationPlatforms) = preSolution
		Debug|Any CPU = Debug|Any CPU
		Release|Any CPU = Release|Any CPU
	EndGlobalSection
	GlobalSection(ProjectConfigurationPlatforms) = postSolution
		{14FA7826-EE6C-4325-A1B9-CB582A435322}.Debug|Any CPU.ActiveCfg = Debug|Any CPU
		{14FA7826-EE6C-4325-A1B9-CB582A435322}.Debug|Any CPU.Build.0 = Debug|Any CPU
		{14FA7826-EE6C-4325-A1B9-CB582A435322}.Release|Any CPU.ActiveCfg = Release|Any CPU
		{14FA7826-EE6C-4325-A1B9-CB582A435322}.Release|Any CPU.Build.0 = Release|Any CPU
		{5BF536DB-42CB-4B80-B72E-B96CC136D787}.Debug|Any CPU.ActiveCfg = Debug|Any CPU
		{5BF536DB-42CB-4B80-B72E-B96CC136D787}.Debug|Any CPU.Build.0 = Debug|Any CPU
		{5BF536DB-42CB-4B80-B72E-B96CC136D787}.Release|Any CPU.ActiveCfg = Release|Any CPU
		{5BF536DB-42CB-4B80-B72E-B96CC136D787}.Release|Any CPU.Build.0 = Release|Any CPU
		{73AC19A2-D8EB-4694-8BB9-A2EF815C1D9F}.Debug|Any CPU.ActiveCfg = Debug|Any CPU
		{73AC19A2-D8EB-4694-8BB9-A2EF815C1D9F}.Debug|Any CPU.Build.0 = Debug|Any CPU
		{73AC19A2-D8EB-4694-8BB9-A2EF815C1D9F}.Release|Any CPU.ActiveCfg = Release|Any CPU
		{73AC19A2-D8EB-4694-8BB9-A2EF815C1D9F}.Release|Any CPU.Build.0 = Release|Any CPU
	EndGlobalSection
	GlobalSection(SolutionProperties) = preSolution
		HideSolutionNode = FALSE
	EndGlobalSection
	GlobalSection(ExtensibilityGlobals) = postSolution
		SolutionGuid = {F87C2C8E-5F6C-4A51-868C-D31B7EFA881A}
	EndGlobalSection
EndGlobal
